// !$*UTF8*$!
{
	archiveVersion = 1;
	classes = {
	};
	objectVersion = 56;
	objects = {

/* Begin PBXBuildFile section */
		A11C8FDC2B7A9289005D34D5 /* Step4.swift in Sources */ = {isa = PBXBuildFile; fileRef = A11C8FDB2B7A9288005D34D5 /* Step4.swift */; };
		A17435CE2B3A936A001234CC /* LoadingViewSample1App.swift in Sources */ = {isa = PBXBuildFile; fileRef = A17435CD2B3A936A001234CC /* LoadingViewSample1App.swift */; };
		A17435D22B3A936B001234CC /* Assets.xcassets in Resources */ = {isa = PBXBuildFile; fileRef = A17435D12B3A936B001234CC /* Assets.xcassets */; };
		A17435D52B3A936B001234CC /* Preview Assets.xcassets in Resources */ = {isa = PBXBuildFile; fileRef = A17435D42B3A936B001234CC /* Preview Assets.xcassets */; };
		A17435DC2B3A93CD001234CC /* Squircle.swift in Sources */ = {isa = PBXBuildFile; fileRef = A17435DB2B3A93CD001234CC /* Squircle.swift */; };
		A17435DE2B3A9430001234CC /* Step1.swift in Sources */ = {isa = PBXBuildFile; fileRef = A17435DD2B3A9430001234CC /* Step1.swift */; };
		A17435E02B3AB8E0001234CC /* Step2.swift in Sources */ = {isa = PBXBuildFile; fileRef = A17435DF2B3AB8E0001234CC /* Step2.swift */; };
		A17435E22B3B1590001234CC /* Step3.swift in Sources */ = {isa = PBXBuildFile; fileRef = A17435E12B3B1590001234CC /* Step3.swift */; };
		A1A878DF2B7BFE9400DF598B /* Step6.swift in Sources */ = {isa = PBXBuildFile; fileRef = A1A878DE2B7BFE9400DF598B /* Step6.swift */; };
		A1A878E12B7C06DE00DF598B /* Step7.swift in Sources */ = {isa = PBXBuildFile; fileRef = A1A878E02B7C06DD00DF598B /* Step7.swift */; };
		A1A878E32B7D8B7600DF598B /* Step8.swift in Sources */ = {isa = PBXBuildFile; fileRef = A1A878E22B7D8B7600DF598B /* Step8.swift */; };
		A1B2DD212B3D3844003BA1F7 /* Step5.swift in Sources */ = {isa = PBXBuildFile; fileRef = A1B2DD202B3D3844003BA1F7 /* Step5.swift */; };
		A1B2DD232B3D821E003BA1F7 /* LoadingView.swift in Sources */ = {isa = PBXBuildFile; fileRef = A1B2DD222B3D821E003BA1F7 /* LoadingView.swift */; };
		A1B2DD252B3E5081003BA1F7 /* LoadingViewSimulator.swift in Sources */ = {isa = PBXBuildFile; fileRef = A1B2DD242B3E5081003BA1F7 /* LoadingViewSimulator.swift */; };
/* End PBXBuildFile section */

/* Begin PBXFileReference section */
		A11C8FDB2B7A9288005D34D5 /* Step4.swift */ = {isa = PBXFileReference; lastKnownFileType = sourcecode.swift; path = Step4.swift; sourceTree = "<group>"; };
		A17435CA2B3A936A001234CC /* LoadingViewSample1.app */ = {isa = PBXFileReference; explicitFileType = wrapper.application; includeInIndex = 0; path = LoadingViewSample1.app; sourceTree = BUILT_PRODUCTS_DIR; };
		A17435CD2B3A936A001234CC /* LoadingViewSample1App.swift */ = {isa = PBXFileReference; lastKnownFileType = sourcecode.swift; path = LoadingViewSample1App.swift; sourceTree = "<group>"; };
		A17435D12B3A936B001234CC /* Assets.xcassets */ = {isa = PBXFileReference; lastKnownFileType = folder.assetcatalog; path = Assets.xcassets; sourceTree = "<group>"; };
		A17435D42B3A936B001234CC /* Preview Assets.xcassets */ = {isa = PBXFileReference; lastKnownFileType = folder.assetcatalog; path = "Preview Assets.xcassets"; sourceTree = "<group>"; };
		A17435DB2B3A93CD001234CC /* Squircle.swift */ = {isa = PBXFileReference; lastKnownFileType = sourcecode.swift; path = Squircle.swift; sourceTree = "<group>"; };
		A17435DD2B3A9430001234CC /* Step1.swift */ = {isa = PBXFileReference; lastKnownFileType = sourcecode.swift; path = Step1.swift; sourceTree = "<group>"; };
		A17435DF2B3AB8E0001234CC /* Step2.swift */ = {isa = PBXFileReference; lastKnownFileType = sourcecode.swift; path = Step2.swift; sourceTree = "<group>"; };
		A17435E12B3B1590001234CC /* Step3.swift */ = {isa = PBXFileReference; lastKnownFileType = sourcecode.swift; path = Step3.swift; sourceTree = "<group>"; };
		A1A878DE2B7BFE9400DF598B /* Step6.swift */ = {isa = PBXFileReference; lastKnownFileType = sourcecode.swift; path = Step6.swift; sourceTree = "<group>"; };
		A1A878E02B7C06DD00DF598B /* Step7.swift */ = {isa = PBXFileReference; lastKnownFileType = sourcecode.swift; path = Step7.swift; sourceTree = "<group>"; };
		A1A878E22B7D8B7600DF598B /* Step8.swift */ = {isa = PBXFileReference; lastKnownFileType = sourcecode.swift; path = Step8.swift; sourceTree = "<group>"; };
		A1B2DD202B3D3844003BA1F7 /* Step5.swift */ = {isa = PBXFileReference; lastKnownFileType = sourcecode.swift; path = Step5.swift; sourceTree = "<group>"; };
		A1B2DD222B3D821E003BA1F7 /* LoadingView.swift */ = {isa = PBXFileReference; lastKnownFileType = sourcecode.swift; path = LoadingView.swift; sourceTree = "<group>"; };
		A1B2DD242B3E5081003BA1F7 /* LoadingViewSimulator.swift */ = {isa = PBXFileReference; lastKnownFileType = sourcecode.swift; path = LoadingViewSimulator.swift; sourceTree = "<group>"; };
/* End PBXFileReference section */

/* Begin PBXFrameworksBuildPhase section */
		A17435C72B3A936A001234CC /* Frameworks */ = {
			isa = PBXFrameworksBuildPhase;
			buildActionMask = 2147483647;
			files = (
			);
			runOnlyForDeploymentPostprocessing = 0;
		};
/* End PBXFrameworksBuildPhase section */

/* Begin PBXGroup section */
		A17435C12B3A936A001234CC = {
			isa = PBXGroup;
			children = (
				A17435CC2B3A936A001234CC /* LoadingViewSample1 */,
				A17435CB2B3A936A001234CC /* Products */,
			);
			sourceTree = "<group>";
		};
		A17435CB2B3A936A001234CC /* Products */ = {
			isa = PBXGroup;
			children = (
				A17435CA2B3A936A001234CC /* LoadingViewSample1.app */,
			);
			name = Products;
			sourceTree = "<group>";
		};
		A17435CC2B3A936A001234CC /* LoadingViewSample1 */ = {
			isa = PBXGroup;
			children = (
				A17435CD2B3A936A001234CC /* LoadingViewSample1App.swift */,
				A1B2DD222B3D821E003BA1F7 /* LoadingView.swift */,
				A1B2DD242B3E5081003BA1F7 /* LoadingViewSimulator.swift */,
				A17435DB2B3A93CD001234CC /* Squircle.swift */,
				A1B2DD262B3EB672003BA1F7 /* Steps */,
				A17435D12B3A936B001234CC /* Assets.xcassets */,
				A17435D32B3A936B001234CC /* Preview Content */,
			);
			path = LoadingViewSample1;
			sourceTree = "<group>";
		};
		A17435D32B3A936B001234CC /* Preview Content */ = {
			isa = PBXGroup;
			children = (
				A17435D42B3A936B001234CC /* Preview Assets.xcassets */,
			);
			path = "Preview Content";
			sourceTree = "<group>";
		};
		A1B2DD262B3EB672003BA1F7 /* Steps */ = {
			isa = PBXGroup;
			children = (
				A17435DD2B3A9430001234CC /* Step1.swift */,
				A17435DF2B3AB8E0001234CC /* Step2.swift */,
				A17435E12B3B1590001234CC /* Step3.swift */,
				A11C8FDB2B7A9288005D34D5 /* Step4.swift */,
				A1B2DD202B3D3844003BA1F7 /* Step5.swift */,
				A1A878DE2B7BFE9400DF598B /* Step6.swift */,
				A1A878E02B7C06DD00DF598B /* Step7.swift */,
				A1A878E22B7D8B7600DF598B /* Step8.swift */,
			);
			path = Steps;
			sourceTree = "<group>";
		};
/* End PBXGroup section */

/* Begin PBXNativeTarget section */
		A17435C92B3A936A001234CC /* LoadingViewSample1 */ = {
			isa = PBXNativeTarget;
			buildConfigurationList = A17435D82B3A936B001234CC /* Build configuration list for PBXNativeTarget "LoadingViewSample1" */;
			buildPhases = (
				A17435C62B3A936A001234CC /* Sources */,
				A17435C72B3A936A001234CC /* Frameworks */,
				A17435C82B3A936A001234CC /* Resources */,
			);
			buildRules = (
			);
			dependencies = (
			);
			name = LoadingViewSample1;
			productName = LoadingViewSample1;
			productReference = A17435CA2B3A936A001234CC /* LoadingViewSample1.app */;
			productType = "com.apple.product-type.application";
		};
/* End PBXNativeTarget section */

/* Begin PBXProject section */
		A17435C22B3A936A001234CC /* Project object */ = {
			isa = PBXProject;
			attributes = {
				BuildIndependentTargetsInParallel = 1;
				LastSwiftUpdateCheck = 1430;
				LastUpgradeCheck = 1430;
				TargetAttributes = {
					A17435C92B3A936A001234CC = {
						CreatedOnToolsVersion = 14.3;
					};
				};
			};
			buildConfigurationList = A17435C52B3A936A001234CC /* Build configuration list for PBXProject "LoadingViewSample1" */;
			compatibilityVersion = "Xcode 14.0";
			developmentRegion = en;
			hasScannedForEncodings = 0;
			knownRegions = (
				en,
				Base,
			);
			mainGroup = A17435C12B3A936A001234CC;
			productRefGroup = A17435CB2B3A936A001234CC /* Products */;
			projectDirPath = "";
			projectRoot = "";
			targets = (
				A17435C92B3A936A001234CC /* LoadingViewSample1 */,
			);
		};
/* End PBXProject section */

/* Begin PBXResourcesBuildPhase section */
		A17435C82B3A936A001234CC /* Resources */ = {
			isa = PBXResourcesBuildPhase;
			buildActionMask = 2147483647;
			files = (
				A17435D52B3A936B001234CC /* Preview Assets.xcassets in Resources */,
				A17435D22B3A936B001234CC /* Assets.xcassets in Resources */,
			);
			runOnlyForDeploymentPostprocessing = 0;
		};
/* End PBXResourcesBuildPhase section */

/* Begin PBXSourcesBuildPhase section */
		A17435C62B3A936A001234CC /* Sources */ = {
			isa = PBXSourcesBuildPhase;
			buildActionMask = 2147483647;
			files = (
				A17435DE2B3A9430001234CC /* Step1.swift in Sources */,
				A1B2DD212B3D3844003BA1F7 /* Step5.swift in Sources */,
				A1B2DD232B3D821E003BA1F7 /* LoadingView.swift in Sources */,
				A1A878E12B7C06DE00DF598B /* Step7.swift in Sources */,
				A1A878DF2B7BFE9400DF598B /* Step6.swift in Sources */,
				A17435E02B3AB8E0001234CC /* Step2.swift in Sources */,
				A11C8FDC2B7A9289005D34D5 /* Step4.swift in Sources */,
				A1B2DD252B3E5081003BA1F7 /* LoadingViewSimulator.swift in Sources */,
				A17435DC2B3A93CD001234CC /* Squircle.swift in Sources */,
				A1A878E32B7D8B7600DF598B /* Step8.swift in Sources */,
				A17435CE2B3A936A001234CC /* LoadingViewSample1App.swift in Sources */,
				A17435E22B3B1590001234CC /* Step3.swift in Sources */,
			);
			runOnlyForDeploymentPostprocessing = 0;
		};
/* End PBXSourcesBuildPhase section */

/* Begin XCBuildConfiguration section */
		A17435D62B3A936B001234CC /* Debug */ = {
			isa = XCBuildConfiguration;
			buildSettings = {
				ALWAYS_SEARCH_USER_PATHS = NO;
				CLANG_ANALYZER_NONNULL = YES;
				CLANG_ANALYZER_NUMBER_OBJECT_CONVERSION = YES_AGGRESSIVE;
				CLANG_CXX_LANGUAGE_STANDARD = "gnu++20";
				CLANG_ENABLE_MODULES = YES;
				CLANG_ENABLE_OBJC_ARC = YES;
				CLANG_ENABLE_OBJC_WEAK = YES;
				CLANG_WARN_BLOCK_CAPTURE_AUTORELEASING = YES;
				CLANG_WARN_BOOL_CONVERSION = YES;
				CLANG_WARN_COMMA = YES;
				CLANG_WARN_CONSTANT_CONVERSION = YES;
				CLANG_WARN_DEPRECATED_OBJC_IMPLEMENTATIONS = YES;
				CLANG_WARN_DIRECT_OBJC_ISA_USAGE = YES_ERROR;
				CLANG_WARN_DOCUMENTATION_COMMENTS = YES;
				CLANG_WARN_EMPTY_BODY = YES;
				CLANG_WARN_ENUM_CONVERSION = YES;
				CLANG_WARN_INFINITE_RECURSION = YES;
				CLANG_WARN_INT_CONVERSION = YES;
				CLANG_WARN_NON_LITERAL_NULL_CONVERSION = YES;
				CLANG_WARN_OBJC_IMPLICIT_RETAIN_SELF = YES;
				CLANG_WARN_OBJC_LITERAL_CONVERSION = YES;
				CLANG_WARN_OBJC_ROOT_CLASS = YES_ERROR;
				CLANG_WARN_QUOTED_INCLUDE_IN_FRAMEWORK_HEADER = YES;
				CLANG_WARN_RANGE_LOOP_ANALYSIS = YES;
				CLANG_WARN_STRICT_PROTOTYPES = YES;
				CLANG_WARN_SUSPICIOUS_MOVE = YES;
				CLANG_WARN_UNGUARDED_AVAILABILITY = YES_AGGRESSIVE;
				CLANG_WARN_UNREACHABLE_CODE = YES;
				CLANG_WARN__DUPLICATE_METHOD_MATCH = YES;
				COPY_PHASE_STRIP = NO;
				DEBUG_INFORMATION_FORMAT = dwarf;
				ENABLE_STRICT_OBJC_MSGSEND = YES;
				ENABLE_TESTABILITY = YES;
				GCC_C_LANGUAGE_STANDARD = gnu11;
				GCC_DYNAMIC_NO_PIC = NO;
				GCC_NO_COMMON_BLOCKS = YES;
				GCC_OPTIMIZATION_LEVEL = 0;
				GCC_PREPROCESSOR_DEFINITIONS = (
					"DEBUG=1",
					"$(inherited)",
				);
				GCC_WARN_64_TO_32_BIT_CONVERSION = YES;
				GCC_WARN_ABOUT_RETURN_TYPE = YES_ERROR;
				GCC_WARN_UNDECLARED_SELECTOR = YES;
				GCC_WARN_UNINITIALIZED_AUTOS = YES_AGGRESSIVE;
				GCC_WARN_UNUSED_FUNCTION = YES;
				GCC_WARN_UNUSED_VARIABLE = YES;
				IPHONEOS_DEPLOYMENT_TARGET = 16.4;
				MTL_ENABLE_DEBUG_INFO = INCLUDE_SOURCE;
				MTL_FAST_MATH = YES;
				ONLY_ACTIVE_ARCH = YES;
				SDKROOT = iphoneos;
				SWIFT_ACTIVE_COMPILATION_CONDITIONS = DEBUG;
				SWIFT_OPTIMIZATION_LEVEL = "-Onone";
			};
			name = Debug;
		};
		A17435D72B3A936B001234CC /* Release */ = {
			isa = XCBuildConfiguration;
			buildSettings = {
				ALWAYS_SEARCH_USER_PATHS = NO;
				CLANG_ANALYZER_NONNULL = YES;
				CLANG_ANALYZER_NUMBER_OBJECT_CONVERSION = YES_AGGRESSIVE;
				CLANG_CXX_LANGUAGE_STANDARD = "gnu++20";
				CLANG_ENABLE_MODULES = YES;
				CLANG_ENABLE_OBJC_ARC = YES;
				CLANG_ENABLE_OBJC_WEAK = YES;
				CLANG_WARN_BLOCK_CAPTURE_AUTORELEASING = YES;
				CLANG_WARN_BOOL_CONVERSION = YES;
				CLANG_WARN_COMMA = YES;
				CLANG_WARN_CONSTANT_CONVERSION = YES;
				CLANG_WARN_DEPRECATED_OBJC_IMPLEMENTATIONS = YES;
				CLANG_WARN_DIRECT_OBJC_ISA_USAGE = YES_ERROR;
				CLANG_WARN_DOCUMENTATION_COMMENTS = YES;
				CLANG_WARN_EMPTY_BODY = YES;
				CLANG_WARN_ENUM_CONVERSION = YES;
				CLANG_WARN_INFINITE_RECURSION = YES;
				CLANG_WARN_INT_CONVERSION = YES;
				CLANG_WARN_NON_LITERAL_NULL_CONVERSION = YES;
				CLANG_WARN_OBJC_IMPLICIT_RETAIN_SELF = YES;
				CLANG_WARN_OBJC_LITERAL_CONVERSION = YES;
				CLANG_WARN_OBJC_ROOT_CLASS = YES_ERROR;
				CLANG_WARN_QUOTED_INCLUDE_IN_FRAMEWORK_HEADER = YES;
				CLANG_WARN_RANGE_LOOP_ANALYSIS = YES;
				CLANG_WARN_STRICT_PROTOTYPES = YES;
				CLANG_WARN_SUSPICIOUS_MOVE = YES;
				CLANG_WARN_UNGUARDED_AVAILABILITY = YES_AGGRESSIVE;
				CLANG_WARN_UNREACHABLE_CODE = YES;
				CLANG_WARN__DUPLICATE_METHOD_MATCH = YES;
				COPY_PHASE_STRIP = NO;
				DEBUG_INFORMATION_FORMAT = "dwarf-with-dsym";
				ENABLE_NS_ASSERTIONS = NO;
				ENABLE_STRICT_OBJC_MSGSEND = YES;
				GCC_C_LANGUAGE_STANDARD = gnu11;
				GCC_NO_COMMON_BLOCKS = YES;
				GCC_WARN_64_TO_32_BIT_CONVERSION = YES;
				GCC_WARN_ABOUT_RETURN_TYPE = YES_ERROR;
				GCC_WARN_UNDECLARED_SELECTOR = YES;
				GCC_WARN_UNINITIALIZED_AUTOS = YES_AGGRESSIVE;
				GCC_WARN_UNUSED_FUNCTION = YES;
				GCC_WARN_UNUSED_VARIABLE = YES;
				IPHONEOS_DEPLOYMENT_TARGET = 16.4;
				MTL_ENABLE_DEBUG_INFO = NO;
				MTL_FAST_MATH = YES;
				SDKROOT = iphoneos;
				SWIFT_COMPILATION_MODE = wholemodule;
				SWIFT_OPTIMIZATION_LEVEL = "-O";
				VALIDATE_PRODUCT = YES;
			};
			name = Release;
		};
		A17435D92B3A936B001234CC /* Debug */ = {
			isa = XCBuildConfiguration;
			buildSettings = {
				ASSETCATALOG_COMPILER_APPICON_NAME = AppIcon;
				ASSETCATALOG_COMPILER_GLOBAL_ACCENT_COLOR_NAME = AccentColor;
				CODE_SIGN_STYLE = Automatic;
				CURRENT_PROJECT_VERSION = 1;
				DEVELOPMENT_ASSET_PATHS = "\"LoadingViewSample1/Preview Content\"";
				ENABLE_PREVIEWS = YES;
				GENERATE_INFOPLIST_FILE = YES;
				INFOPLIST_KEY_UIApplicationSceneManifest_Generation = YES;
				INFOPLIST_KEY_UIApplicationSupportsIndirectInputEvents = YES;
				INFOPLIST_KEY_UILaunchScreen_Generation = YES;
				INFOPLIST_KEY_UISupportedInterfaceOrientations_iPad = "UIInterfaceOrientationPortrait UIInterfaceOrientationPortraitUpsideDown UIInterfaceOrientationLandscapeLeft UIInterfaceOrientationLandscapeRight";
				INFOPLIST_KEY_UISupportedInterfaceOrientations_iPhone = "UIInterfaceOrientationPortrait UIInterfaceOrientationLandscapeLeft UIInterfaceOrientationLandscapeRight";
				LD_RUNPATH_SEARCH_PATHS = (
					"$(inherited)",
					"@executable_path/Frameworks",
				);
				MARKETING_VERSION = 1.0;
				PRODUCT_BUNDLE_IDENTIFIER = yordgenome.com.LoadingViewSample1;
				PRODUCT_NAME = "$(TARGET_NAME)";
				SWIFT_EMIT_LOC_STRINGS = YES;
				SWIFT_VERSION = 5.0;
				TARGETED_DEVICE_FAMILY = "1,2";
			};
			name = Debug;
		};
		A17435DA2B3A936B001234CC /* Release */ = {
			isa = XCBuildConfiguration;
			buildSettings = {
				ASSETCATALOG_COMPILER_APPICON_NAME = AppIcon;
				ASSETCATALOG_COMPILER_GLOBAL_ACCENT_COLOR_NAME = AccentColor;
				CODE_SIGN_STYLE = Automatic;
				CURRENT_PROJECT_VERSION = 1;
				DEVELOPMENT_ASSET_PATHS = "\"LoadingViewSample1/Preview Content\"";
				ENABLE_PREVIEWS = YES;
				GENERATE_INFOPLIST_FILE = YES;
				INFOPLIST_KEY_UIApplicationSceneManifest_Generation = YES;
				INFOPLIST_KEY_UIApplicationSupportsIndirectInputEvents = YES;
				INFOPLIST_KEY_UILaunchScreen_Generation = YES;
				INFOPLIST_KEY_UISupportedInterfaceOrientations_iPad = "UIInterfaceOrientationPortrait UIInterfaceOrientationPortraitUpsideDown UIInterfaceOrientationLandscapeLeft UIInterfaceOrientationLandscapeRight";
				INFOPLIST_KEY_UISupportedInterfaceOrientations_iPhone = "UIInterfaceOrientationPortrait UIInterfaceOrientationLandscapeLeft UIInterfaceOrientationLandscapeRight";
				LD_RUNPATH_SEARCH_PATHS = (
					"$(inherited)",
					"@executable_path/Frameworks",
				);
				MARKETING_VERSION = 1.0;
				PRODUCT_BUNDLE_IDENTIFIER = yordgenome.com.LoadingViewSample1;
				PRODUCT_NAME = "$(TARGET_NAME)";
				SWIFT_EMIT_LOC_STRINGS = YES;
				SWIFT_VERSION = 5.0;
				TARGETED_DEVICE_FAMILY = "1,2";
			};
			name = Release;
		};
/* End XCBuildConfiguration section */

/* Begin XCConfigurationList section */
		A17435C52B3A936A001234CC /* Build configuration list for PBXProject "LoadingViewSample1" */ = {
			isa = XCConfigurationList;
			buildConfigurations = (
				A17435D62B3A936B001234CC /* Debug */,
				A17435D72B3A936B001234CC /* Release */,
			);
			defaultConfigurationIsVisible = 0;
			defaultConfigurationName = Release;
		};
		A17435D82B3A936B001234CC /* Build configuration list for PBXNativeTarget "LoadingViewSample1" */ = {
			isa = XCConfigurationList;
			buildConfigurations = (
				A17435D92B3A936B001234CC /* Debug */,
				A17435DA2B3A936B001234CC /* Release */,
			);
			defaultConfigurationIsVisible = 0;
			defaultConfigurationName = Release;
		};
/* End XCConfigurationList section */
	};
	rootObject = A17435C22B3A936A001234CC /* Project object */;
}
